
Microsoft Visual Studio Solution File, Format Version 12.00
# Visual Studio Version 17
VisualStudioVersion = 17.14.36518.9 d17.14
MinimumVisualStudioVersion = 10.0.40219.1
Project("{FAE04EC0-301F-11D3-BF4B-00C04F79EFBC}") = "RESTAURANT-MANAGEMENT-SYSTEM", "RESTAURANT-MANAGEMENT-SYSTEM\RESTAURANT-MANAGEMENT-SYSTEM.csproj", "{FA001333-B4F0-45FD-81FF-AE501FF1BA99}"
EndProject
Global
	GlobalSection(SolutionConfigurationPlatforms) = preSolution
		Debug|Any CPU = Debug|Any CPU
		Release|Any CPU = Release|Any CPU
	EndGlobalSection
	GlobalSection(ProjectConfigurationPlatforms) = postSolution
		{FA001333-B4F0-45FD-81FF-AE501FF1BA99}.Debug|Any CPU.ActiveCfg = Debug|Any CPU
		{FA001333-B4F0-45FD-81FF-AE501FF1BA99}.Debug|Any CPU.Build.0 = Debug|Any CPU
		{FA001333-B4F0-45FD-81FF-AE501FF1BA99}.Release|Any CPU.ActiveCfg = Release|Any CPU
		{FA001333-B4F0-45FD-81FF-AE501FF1BA99}.Release|Any CPU.Build.0 = Release|Any CPU
	EndGlobalSection
	GlobalSection(SolutionProperties) = preSolution
		HideSolutionNode = FALSE
	EndGlobalSection
	GlobalSection(ExtensibilityGlobals) = postSolution
		SolutionGuid = {A10A0388-4EE0-44D3-A932-CA50AC65F27E}
	EndGlobalSection
EndGlobal
